// !$*UTF8*$!
{
	archiveVersion = 1;
	classes = {
	};
	objectVersion = 46;
	objects = {

/* Begin PBXBuildFile section */
		3AE4854B16EDE1A8003989BD /* UIKit.framework in Frameworks */ = {isa = PBXBuildFile; fileRef = 3AE4854A16EDE1A8003989BD /* UIKit.framework */; };
		3AE4854D16EDE1A8003989BD /* Foundation.framework in Frameworks */ = {isa = PBXBuildFile; fileRef = 3AE4854C16EDE1A8003989BD /* Foundation.framework */; };
		3AE4854F16EDE1A8003989BD /* CoreGraphics.framework in Frameworks */ = {isa = PBXBuildFile; fileRef = 3AE4854E16EDE1A8003989BD /* CoreGraphics.framework */; };
		3AE4855516EDE1A8003989BD /* InfoPlist.strings in Resources */ = {isa = PBXBuildFile; fileRef = 3AE4855316EDE1A8003989BD /* InfoPlist.strings */; };
		3AE4855716EDE1A8003989BD /* main.m in Sources */ = {isa = PBXBuildFile; fileRef = 3AE4855616EDE1A8003989BD /* main.m */; };
		3AE4855B16EDE1A8003989BD /* AppDelegate.m in Sources */ = {isa = PBXBuildFile; fileRef = 3AE4855A16EDE1A8003989BD /* AppDelegate.m */; };
		3AE4855E16EDE1A8003989BD /* ViewController.m in Sources */ = {isa = PBXBuildFile; fileRef = 3AE4855D16EDE1A8003989BD /* ViewController.m */; };
		3AE4856116EDE1A8003989BD /* ViewController.xib in Resources */ = {isa = PBXBuildFile; fileRef = 3AE4855F16EDE1A8003989BD /* ViewController.xib */; };
		582193BB1CD0CB7100A97437 /* Default-568h@2x.png in Resources */ = {isa = PBXBuildFile; fileRef = 582193BA1CD0CB7100A97437 /* Default-568h@2x.png */; };
		5822EEC61CE9C49A00588EB7 /* CAAlertView.m in Sources */ = {isa = PBXBuildFile; fileRef = 5822EEBF1CE9C49A00588EB7 /* CAAlertView.m */; };
		5822EEC71CE9C49A00588EB7 /* CAPickerViewController.m in Sources */ = {isa = PBXBuildFile; fileRef = 5822EEC11CE9C49A00588EB7 /* CAPickerViewController.m */; };
		5822EEC81CE9C49A00588EB7 /* CAPickerViewController.xib in Resources */ = {isa = PBXBuildFile; fileRef = 5822EEC21CE9C49A00588EB7 /* CAPickerViewController.xib */; };
		5822EEC91CE9C49A00588EB7 /* CAPopOverViewController.m in Sources */ = {isa = PBXBuildFile; fileRef = 5822EEC41CE9C49A00588EB7 /* CAPopOverViewController.m */; };
		5822EECA1CE9C49A00588EB7 /* CAPopOverViewController.xib in Resources */ = {isa = PBXBuildFile; fileRef = 5822EEC51CE9C49A00588EB7 /* CAPopOverViewController.xib */; };
		5822EECC1CE9CFB700588EB7 /* README.md in Sources */ = {isa = PBXBuildFile; fileRef = 5822EECB1CE9CFB700588EB7 /* README.md */; };
		5880780D1CE9DF7A00AF3F67 /* CACustomAlertObject.m in Sources */ = {isa = PBXBuildFile; fileRef = 5880780C1CE9DF7A00AF3F67 /* CACustomAlertObject.m */; };
/* End PBXBuildFile section */

/* Begin PBXFileReference section */
		3AE4854616EDE1A8003989BD /* CAAlertView.app */ = {isa = PBXFileReference; explicitFileType = wrapper.application; includeInIndex = 0; path = CAAlertView.app; sourceTree = BUILT_PRODUCTS_DIR; };
		3AE4854A16EDE1A8003989BD /* UIKit.framework */ = {isa = PBXFileReference; lastKnownFileType = wrapper.framework; name = UIKit.framework; path = System/Library/Frameworks/UIKit.framework; sourceTree = SDKROOT; };
		3AE4854C16EDE1A8003989BD /* Foundation.framework */ = {isa = PBXFileReference; lastKnownFileType = wrapper.framework; name = Foundation.framework; path = System/Library/Frameworks/Foundation.framework; sourceTree = SDKROOT; };
		3AE4854E16EDE1A8003989BD /* CoreGraphics.framework */ = {isa = PBXFileReference; lastKnownFileType = wrapper.framework; name = CoreGraphics.framework; path = System/Library/Frameworks/CoreGraphics.framework; sourceTree = SDKROOT; };
		3AE4855216EDE1A8003989BD /* CAAlertView-Info.plist */ = {isa = PBXFileReference; lastKnownFileType = text.plist.xml; path = "CAAlertView-Info.plist"; sourceTree = "<group>"; };
		3AE4855416EDE1A8003989BD /* en */ = {isa = PBXFileReference; lastKnownFileType = text.plist.strings; name = en; path = en.lproj/InfoPlist.strings; sourceTree = "<group>"; };
		3AE4855616EDE1A8003989BD /* main.m */ = {isa = PBXFileReference; lastKnownFileType = sourcecode.c.objc; path = main.m; sourceTree = "<group>"; };
		3AE4855816EDE1A8003989BD /* CAAlertView-Prefix.pch */ = {isa = PBXFileReference; lastKnownFileType = sourcecode.c.h; path = "CAAlertView-Prefix.pch"; sourceTree = "<group>"; };
		3AE4855916EDE1A8003989BD /* AppDelegate.h */ = {isa = PBXFileReference; lastKnownFileType = sourcecode.c.h; path = AppDelegate.h; sourceTree = "<group>"; };
		3AE4855A16EDE1A8003989BD /* AppDelegate.m */ = {isa = PBXFileReference; lastKnownFileType = sourcecode.c.objc; path = AppDelegate.m; sourceTree = "<group>"; };
		3AE4855C16EDE1A8003989BD /* ViewController.h */ = {isa = PBXFileReference; lastKnownFileType = sourcecode.c.h; path = ViewController.h; sourceTree = "<group>"; };
		3AE4855D16EDE1A8003989BD /* ViewController.m */ = {isa = PBXFileReference; lastKnownFileType = sourcecode.c.objc; path = ViewController.m; sourceTree = "<group>"; };
		3AE4856016EDE1A8003989BD /* en */ = {isa = PBXFileReference; lastKnownFileType = file.xib; name = en; path = en.lproj/ViewController.xib; sourceTree = "<group>"; };
		582193BA1CD0CB7100A97437 /* Default-568h@2x.png */ = {isa = PBXFileReference; lastKnownFileType = image.png; path = "Default-568h@2x.png"; sourceTree = "<group>"; };
		5822EEBE1CE9C49A00588EB7 /* CAAlertView.h */ = {isa = PBXFileReference; fileEncoding = 4; lastKnownFileType = sourcecode.c.h; path = CAAlertView.h; sourceTree = "<group>"; };
		5822EEBF1CE9C49A00588EB7 /* CAAlertView.m */ = {isa = PBXFileReference; fileEncoding = 4; lastKnownFileType = sourcecode.c.objc; path = CAAlertView.m; sourceTree = "<group>"; };
		5822EEC01CE9C49A00588EB7 /* CAPickerViewController.h */ = {isa = PBXFileReference; fileEncoding = 4; lastKnownFileType = sourcecode.c.h; path = CAPickerViewController.h; sourceTree = "<group>"; };
		5822EEC11CE9C49A00588EB7 /* CAPickerViewController.m */ = {isa = PBXFileReference; fileEncoding = 4; lastKnownFileType = sourcecode.c.objc; path = CAPickerViewController.m; sourceTree = "<group>"; };
		5822EEC21CE9C49A00588EB7 /* CAPickerViewController.xib */ = {isa = PBXFileReference; fileEncoding = 4; lastKnownFileType = file.xib; path = CAPickerViewController.xib; sourceTree = "<group>"; };
		5822EEC31CE9C49A00588EB7 /* CAPopOverViewController.h */ = {isa = PBXFileReference; fileEncoding = 4; lastKnownFileType = sourcecode.c.h; path = CAPopOverViewController.h; sourceTree = "<group>"; };
		5822EEC41CE9C49A00588EB7 /* CAPopOverViewController.m */ = {isa = PBXFileReference; fileEncoding = 4; lastKnownFileType = sourcecode.c.objc; path = CAPopOverViewController.m; sourceTree = "<group>"; };
		5822EEC51CE9C49A00588EB7 /* CAPopOverViewController.xib */ = {isa = PBXFileReference; fileEncoding = 4; lastKnownFileType = file.xib; path = CAPopOverViewController.xib; sourceTree = "<group>"; };
		5822EECB1CE9CFB700588EB7 /* README.md */ = {isa = PBXFileReference; fileEncoding = 4; lastKnownFileType = net.daringfireball.markdown; path = README.md; sourceTree = "<group>"; };
		5880780B1CE9DF7A00AF3F67 /* CACustomAlertObject.h */ = {isa = PBXFileReference; fileEncoding = 4; lastKnownFileType = sourcecode.c.h; path = CACustomAlertObject.h; sourceTree = "<group>"; };
		5880780C1CE9DF7A00AF3F67 /* CACustomAlertObject.m */ = {isa = PBXFileReference; fileEncoding = 4; lastKnownFileType = sourcecode.c.objc; path = CACustomAlertObject.m; sourceTree = "<group>"; };
/* End PBXFileReference section */

/* Begin PBXFrameworksBuildPhase section */
		3AE4854316EDE1A8003989BD /* Frameworks */ = {
			isa = PBXFrameworksBuildPhase;
			buildActionMask = 2147483647;
			files = (
				3AE4854B16EDE1A8003989BD /* UIKit.framework in Frameworks */,
				3AE4854D16EDE1A8003989BD /* Foundation.framework in Frameworks */,
				3AE4854F16EDE1A8003989BD /* CoreGraphics.framework in Frameworks */,
			);
			runOnlyForDeploymentPostprocessing = 0;
		};
/* End PBXFrameworksBuildPhase section */

/* Begin PBXGroup section */
		3AE4853B16EDE1A8003989BD = {
			isa = PBXGroup;
			children = (
				5822EECB1CE9CFB700588EB7 /* README.md */,
				582193BA1CD0CB7100A97437 /* Default-568h@2x.png */,
				3AE4855016EDE1A8003989BD /* CAAlertView */,
				3AE4854916EDE1A8003989BD /* Frameworks */,
				3AE4854716EDE1A8003989BD /* Products */,
			);
			sourceTree = "<group>";
		};
		3AE4854716EDE1A8003989BD /* Products */ = {
			isa = PBXGroup;
			children = (
				3AE4854616EDE1A8003989BD /* CAAlertView.app */,
			);
			name = Products;
			sourceTree = "<group>";
		};
		3AE4854916EDE1A8003989BD /* Frameworks */ = {
			isa = PBXGroup;
			children = (
				3AE4854A16EDE1A8003989BD /* UIKit.framework */,
				3AE4854C16EDE1A8003989BD /* Foundation.framework */,
				3AE4854E16EDE1A8003989BD /* CoreGraphics.framework */,
			);
			name = Frameworks;
			sourceTree = "<group>";
		};
		3AE4855016EDE1A8003989BD /* CAAlertView */ = {
			isa = PBXGroup;
			children = (
				5822EEBD1CE9C49A00588EB7 /* AlertView */,
				3AE4855916EDE1A8003989BD /* AppDelegate.h */,
				3AE4855A16EDE1A8003989BD /* AppDelegate.m */,
				3AE4855C16EDE1A8003989BD /* ViewController.h */,
				3AE4855D16EDE1A8003989BD /* ViewController.m */,
				3AE4855F16EDE1A8003989BD /* ViewController.xib */,
				3AE4855116EDE1A8003989BD /* Supporting Files */,
			);
			path = CAAlertView;
			sourceTree = "<group>";
		};
		3AE4855116EDE1A8003989BD /* Supporting Files */ = {
			isa = PBXGroup;
			children = (
				3AE4855216EDE1A8003989BD /* CAAlertView-Info.plist */,
				3AE4855316EDE1A8003989BD /* InfoPlist.strings */,
				3AE4855616EDE1A8003989BD /* main.m */,
				3AE4855816EDE1A8003989BD /* CAAlertView-Prefix.pch */,
			);
			name = "Supporting Files";
			sourceTree = "<group>";
		};
		5822EEBD1CE9C49A00588EB7 /* AlertView */ = {
			isa = PBXGroup;
			children = (
				5822EEBE1CE9C49A00588EB7 /* CAAlertView.h */,
				5822EEBF1CE9C49A00588EB7 /* CAAlertView.m */,
				5822EEC01CE9C49A00588EB7 /* CAPickerViewController.h */,
				5822EEC11CE9C49A00588EB7 /* CAPickerViewController.m */,
				5822EEC21CE9C49A00588EB7 /* CAPickerViewController.xib */,
				5822EEC31CE9C49A00588EB7 /* CAPopOverViewController.h */,
				5822EEC41CE9C49A00588EB7 /* CAPopOverViewController.m */,
				5822EEC51CE9C49A00588EB7 /* CAPopOverViewController.xib */,
				5880780B1CE9DF7A00AF3F67 /* CACustomAlertObject.h */,
				5880780C1CE9DF7A00AF3F67 /* CACustomAlertObject.m */,
			);
			path = AlertView;
			sourceTree = "<group>";
		};
/* End PBXGroup section */

/* Begin PBXNativeTarget section */
		3AE4854516EDE1A8003989BD /* CAAlertView */ = {
			isa = PBXNativeTarget;
			buildConfigurationList = 3AE4856416EDE1A8003989BD /* Build configuration list for PBXNativeTarget "CAAlertView" */;
			buildPhases = (
				3AE4854216EDE1A8003989BD /* Sources */,
				3AE4854316EDE1A8003989BD /* Frameworks */,
				3AE4854416EDE1A8003989BD /* Resources */,
			);
			buildRules = (
			);
			dependencies = (
			);
			name = CAAlertView;
			productName = CAAlertView;
			productReference = 3AE4854616EDE1A8003989BD /* CAAlertView.app */;
			productType = "com.apple.product-type.application";
		};
/* End PBXNativeTarget section */

/* Begin PBXProject section */
		3AE4853D16EDE1A8003989BD /* Project object */ = {
			isa = PBXProject;
			attributes = {
				LastUpgradeCheck = 0720;
			};
			buildConfigurationList = 3AE4854016EDE1A8003989BD /* Build configuration list for PBXProject "CAAlertView" */;
			compatibilityVersion = "Xcode 3.2";
			developmentRegion = English;
			hasScannedForEncodings = 0;
			knownRegions = (
				en,
			);
			mainGroup = 3AE4853B16EDE1A8003989BD;
			productRefGroup = 3AE4854716EDE1A8003989BD /* Products */;
			projectDirPath = "";
			projectRoot = "";
			targets = (
				3AE4854516EDE1A8003989BD /* CAAlertView */,
			);
		};
/* End PBXProject section */

/* Begin PBXResourcesBuildPhase section */
		3AE4854416EDE1A8003989BD /* Resources */ = {
			isa = PBXResourcesBuildPhase;
			buildActionMask = 2147483647;
			files = (
				5822EEC81CE9C49A00588EB7 /* CAPickerViewController.xib in Resources */,
				3AE4855516EDE1A8003989BD /* InfoPlist.strings in Resources */,
				582193BB1CD0CB7100A97437 /* Default-568h@2x.png in Resources */,
				3AE4856116EDE1A8003989BD /* ViewController.xib in Resources */,
				5822EECA1CE9C49A00588EB7 /* CAPopOverViewController.xib in Resources */,
			);
			runOnlyForDeploymentPostprocessing = 0;
		};
/* End PBXResourcesBuildPhase section */

/* Begin PBXSourcesBuildPhase section */
		3AE4854216EDE1A8003989BD /* Sources */ = {
			isa = PBXSourcesBuildPhase;
			buildActionMask = 2147483647;
			files = (
				3AE4855716EDE1A8003989BD /* main.m in Sources */,
				5822EEC61CE9C49A00588EB7 /* CAAlertView.m in Sources */,
				3AE4855B16EDE1A8003989BD /* AppDelegate.m in Sources */,
				5822EECC1CE9CFB700588EB7 /* README.md in Sources */,
				3AE4855E16EDE1A8003989BD /* ViewController.m in Sources */,
				5822EEC71CE9C49A00588EB7 /* CAPickerViewController.m in Sources */,
				5880780D1CE9DF7A00AF3F67 /* CACustomAlertObject.m in Sources */,
				5822EEC91CE9C49A00588EB7 /* CAPopOverViewController.m in Sources */,
			);
			runOnlyForDeploymentPostprocessing = 0;
		};
/* End PBXSourcesBuildPhase section */

/* Begin PBXVariantGroup section */
		3AE4855316EDE1A8003989BD /* InfoPlist.strings */ = {
			isa = PBXVariantGroup;
			children = (
				3AE4855416EDE1A8003989BD /* en */,
			);
			name = InfoPlist.strings;
			sourceTree = "<group>";
		};
		3AE4855F16EDE1A8003989BD /* ViewController.xib */ = {
			isa = PBXVariantGroup;
			children = (
				3AE4856016EDE1A8003989BD /* en */,
			);
			name = ViewController.xib;
			sourceTree = "<group>";
		};
/* End PBXVariantGroup section */

/* Begin XCBuildConfiguration section */
		3AE4856216EDE1A8003989BD /* Debug */ = {
			isa = XCBuildConfiguration;
			buildSettings = {
				ALWAYS_SEARCH_USER_PATHS = NO;
				CLANG_ENABLE_OBJC_ARC = YES;
				CLANG_WARN_BOOL_CONVERSION = YES;
				CLANG_WARN_CONSTANT_CONVERSION = YES;
				CLANG_WARN_EMPTY_BODY = YES;
				CLANG_WARN_ENUM_CONVERSION = YES;
				CLANG_WARN_INT_CONVERSION = YES;
				CLANG_WARN_UNREACHABLE_CODE = YES;
				CLANG_WARN__DUPLICATE_METHOD_MATCH = YES;
				"CODE_SIGN_IDENTITY[sdk=iphoneos*]" = "iPhone Developer";
				COPY_PHASE_STRIP = NO;
				ENABLE_STRICT_OBJC_MSGSEND = YES;
				ENABLE_TESTABILITY = YES;
				GCC_C_LANGUAGE_STANDARD = gnu99;
				GCC_DYNAMIC_NO_PIC = NO;
				GCC_NO_COMMON_BLOCKS = YES;
				GCC_OPTIMIZATION_LEVEL = 0;
				GCC_PREPROCESSOR_DEFINITIONS = (
					"DEBUG=1",
					"$(inherited)",
				);
				GCC_SYMBOLS_PRIVATE_EXTERN = NO;
				GCC_VERSION = com.apple.compilers.llvm.clang.1_0;
				GCC_WARN_64_TO_32_BIT_CONVERSION = YES;
				GCC_WARN_ABOUT_MISSING_PROTOTYPES = YES;
				GCC_WARN_ABOUT_RETURN_TYPE = YES;
				GCC_WARN_UNDECLARED_SELECTOR = YES;
				GCC_WARN_UNINITIALIZED_AUTOS = YES;
				GCC_WARN_UNUSED_FUNCTION = YES;
				GCC_WARN_UNUSED_VARIABLE = YES;
				IPHONEOS_DEPLOYMENT_TARGET = 8.0;
				ONLY_ACTIVE_ARCH = YES;
				SDKROOT = iphoneos;
			};
			name = Debug;
		};
		3AE4856316EDE1A8003989BD /* Release */ = {
			isa = XCBuildConfiguration;
			buildSettings = {
				ALWAYS_SEARCH_USER_PATHS = NO;
				CLANG_ENABLE_OBJC_ARC = YES;
				CLANG_WARN_BOOL_CONVERSION = YES;
				CLANG_WARN_CONSTANT_CONVERSION = YES;
				CLANG_WARN_EMPTY_BODY = YES;
				CLANG_WARN_ENUM_CONVERSION = YES;
				CLANG_WARN_INT_CONVERSION = YES;
				CLANG_WARN_UNREACHABLE_CODE = YES;
				CLANG_WARN__DUPLICATE_METHOD_MATCH = YES;
				"CODE_SIGN_IDENTITY[sdk=iphoneos*]" = "iPhone Developer";
				COPY_PHASE_STRIP = YES;
				ENABLE_STRICT_OBJC_MSGSEND = YES;
				GCC_C_LANGUAGE_STANDARD = gnu99;
				GCC_NO_COMMON_BLOCKS = YES;
				GCC_VERSION = com.apple.compilers.llvm.clang.1_0;
				GCC_WARN_64_TO_32_BIT_CONVERSION = YES;
				GCC_WARN_ABOUT_MISSING_PROTOTYPES = YES;
				GCC_WARN_ABOUT_RETURN_TYPE = YES;
				GCC_WARN_UNDECLARED_SELECTOR = YES;
				GCC_WARN_UNINITIALIZED_AUTOS = YES;
				GCC_WARN_UNUSED_FUNCTION = YES;
				GCC_WARN_UNUSED_VARIABLE = YES;
				IPHONEOS_DEPLOYMENT_TARGET = 8.0;
				OTHER_CFLAGS = "-DNS_BLOCK_ASSERTIONS=1";
				SDKROOT = iphoneos;
				VALIDATE_PRODUCT = YES;
			};
			name = Release;
		};
		3AE4856516EDE1A8003989BD /* Debug */ = {
			isa = XCBuildConfiguration;
			buildSettings = {
				GCC_PRECOMPILE_PREFIX_HEADER = YES;
				GCC_PREFIX_HEADER = "CAAlertView/CAAlertView-Prefix.pch";
				INFOPLIST_FILE = "CAAlertView/CAAlertView-Info.plist";
				IPHONEOS_DEPLOYMENT_TARGET = 8.0;
				PRODUCT_BUNDLE_IDENTIFIER = "MidnightApps.${PRODUCT_NAME:rfc1034identifier}";
				PRODUCT_NAME = "$(TARGET_NAME)";
				WRAPPER_EXTENSION = app;
			};
			name = Debug;
		};
		3AE4856616EDE1A8003989BD /* Release */ = {
			isa = XCBuildConfiguration;
			buildSettings = {
				GCC_PRECOMPILE_PREFIX_HEADER = YES;
				GCC_PREFIX_HEADER = "CAAlertView/CAAlertView-Prefix.pch";
				INFOPLIST_FILE = "CAAlertView/CAAlertView-Info.plist";
				IPHONEOS_DEPLOYMENT_TARGET = 8.0;
				PRODUCT_BUNDLE_IDENTIFIER = "MidnightApps.${PRODUCT_NAME:rfc1034identifier}";
				PRODUCT_NAME = "$(TARGET_NAME)";
				WRAPPER_EXTENSION = app;
			};
			name = Release;
		};
/* End XCBuildConfiguration section */

/* Begin XCConfigurationList section */
		3AE4854016EDE1A8003989BD /* Build configuration list for PBXProject "CAAlertView" */ = {
			isa = XCConfigurationList;
			buildConfigurations = (
				3AE4856216EDE1A8003989BD /* Debug */,
				3AE4856316EDE1A8003989BD /* Release */,
			);
			defaultConfigurationIsVisible = 0;
			defaultConfigurationName = Release;
		};
		3AE4856416EDE1A8003989BD /* Build configuration list for PBXNativeTarget "CAAlertView" */ = {
			isa = XCConfigurationList;
			buildConfigurations = (
				3AE4856516EDE1A8003989BD /* Debug */,
				3AE4856616EDE1A8003989BD /* Release */,
			);
			defaultConfigurationIsVisible = 0;
			defaultConfigurationName = Release;
		};
/* End XCConfigurationList section */
	};
	rootObject = 3AE4853D16EDE1A8003989BD /* Project object */;
}
