// !$*UTF8*$!
{
	archiveVersion = 1;
	classes = {
	};
	objectVersion = 56;
	objects = {

/* Begin PBXBuildFile section */
		CC000000000000000000001C /* AlertItem.swift in Sources */ = {isa = PBXBuildFile; fileRef = BB000000000000000000001B /* AlertItem.swift */; };
		CC000000000000000000002C /* AlertListView.swift in Sources */ = {isa = PBXBuildFile; fileRef = BB000000000000000000002B /* AlertListView.swift */; };
		CC000000000000000000003C /* AlertDatePickerView.swift in Sources */ = {isa = PBXBuildFile; fileRef = BB000000000000000000003B /* AlertDatePickerView.swift */; };
		CC000000000000000000004C /* CAAlertView.swift in Sources */ = {isa = PBXBuildFile; fileRef = BB000000000000000000004B /* CAAlertView.swift */; };
		CC000000000000000000005C /* CAAlertViewTypes.swift in Sources */ = {isa = PBXBuildFile; fileRef = BB000000000000000000005B /* CAAlertViewTypes.swift */; };
		CC000000000000000000006C /* ContentView.swift in Sources */ = {isa = PBXBuildFile; fileRef = BB000000000000000000006B /* ContentView.swift */; };
		CC000000000000000000007C /* CAAlertViewDemoApp.swift in Sources */ = {isa = PBXBuildFile; fileRef = BB000000000000000000007B /* CAAlertViewDemoApp.swift */; };
/* End PBXBuildFile section */

/* Begin PBXFileReference section */
		BB000000000000000000001B /* AlertItem.swift */ = {isa = PBXFileReference; lastKnownFileType = sourcecode.swift; path = AlertItem.swift; sourceTree = "<group>"; };
		BB000000000000000000002B /* AlertListView.swift */ = {isa = PBXFileReference; lastKnownFileType = sourcecode.swift; path = AlertListView.swift; sourceTree = "<group>"; };
		BB000000000000000000003B /* AlertDatePickerView.swift */ = {isa = PBXFileReference; lastKnownFileType = sourcecode.swift; path = AlertDatePickerView.swift; sourceTree = "<group>"; };
		BB000000000000000000004B /* CAAlertView.swift */ = {isa = PBXFileReference; lastKnownFileType = sourcecode.swift; path = CAAlertView.swift; sourceTree = "<group>"; };
		BB000000000000000000005B /* CAAlertViewTypes.swift */ = {isa = PBXFileReference; lastKnownFileType = sourcecode.swift; path = CAAlertViewTypes.swift; sourceTree = "<group>"; };
		BB000000000000000000006B /* ContentView.swift */ = {isa = PBXFileReference; lastKnownFileType = sourcecode.swift; path = ContentView.swift; sourceTree = "<group>"; };
		BB000000000000000000007B /* CAAlertViewDemoApp.swift */ = {isa = PBXFileReference; lastKnownFileType = sourcecode.swift; path = CAAlertViewDemoApp.swift; sourceTree = "<group>"; };
		BB000000000000000000008B /* CAAlertViewDemo.app */ = {isa = PBXFileReference; explicitFileType = wrapper.application; includeInIndex = 0; path = CAAlertViewDemo.app; sourceTree = BUILT_PRODUCTS_DIR; };
/* End PBXFileReference section */

/* Begin PBXFrameworksBuildPhase section */
		DD000000000000000000002D /* Frameworks */ = {
			isa = PBXFrameworksBuildPhase;
			buildActionMask = 2147483647;
			files = (
			);
			runOnlyForDeploymentPostprocessing = 0;
		};
/* End PBXFrameworksBuildPhase section */

/* Begin PBXGroup section */
		AA000000000000000000002A = {
			isa = PBXGroup;
			children = (
				AA000000000000000000004A /* Sources */,
				AA000000000000000000003A /* Products */,
			);
			sourceTree = "<group>";
		};
		AA000000000000000000003A /* Products */ = {
			isa = PBXGroup;
			children = (
				BB000000000000000000008B /* CAAlertViewDemo.app */,
			);
			name = Products;
			sourceTree = "<group>";
		};
		AA000000000000000000004A /* Sources */ = {
			isa = PBXGroup;
			children = (
				AA000000000000000000005A /* CAAlertView */,
				AA000000000000000000006A /* CAAlertViewDemo */,
			);
			path = Sources;
			sourceTree = SOURCE_ROOT;
		};
		AA000000000000000000005A /* CAAlertView */ = {
			isa = PBXGroup;
			children = (
				BB000000000000000000001B /* AlertItem.swift */,
				BB000000000000000000002B /* AlertListView.swift */,
				BB000000000000000000003B /* AlertDatePickerView.swift */,
				BB000000000000000000004B /* CAAlertView.swift */,
				BB000000000000000000005B /* CAAlertViewTypes.swift */,
			);
			path = CAAlertView;
			sourceTree = "<group>";
		};
		AA000000000000000000006A /* CAAlertViewDemo */ = {
			isa = PBXGroup;
			children = (
				BB000000000000000000007B /* CAAlertViewDemoApp.swift */,
				BB000000000000000000006B /* ContentView.swift */,
			);
			path = CAAlertViewDemo;
			sourceTree = "<group>";
		};
/* End PBXGroup section */

/* Begin PBXNativeTarget section */
		EE000000000000000000001E /* CAAlertViewDemo */ = {
			isa = PBXNativeTarget;
			buildConfigurationList = FF000000000000000000006F /* Build configuration list for PBXNativeTarget "CAAlertViewDemo" */;
			buildPhases = (
				DD000000000000000000001D /* Sources */,
				DD000000000000000000002D /* Frameworks */,
				DD000000000000000000003D /* Resources */,
			);
			buildRules = (
			);
			dependencies = (
			);
			name = CAAlertViewDemo;
			productName = CAAlertViewDemo;
			productReference = BB000000000000000000008B /* CAAlertViewDemo.app */;
			productType = "com.apple.product-type.application";
		};
/* End PBXNativeTarget section */

/* Begin PBXProject section */
		AA000000000000000000001A /* Project object */ = {
			isa = PBXProject;
			attributes = {
				BuildIndependentTargetsInParallel = 1;
				LastSwiftUpdateCheck = 1500;
				LastUpgradeCheck = 1500;
				TargetAttributes = {
					EE000000000000000000001E = {
						CreatedOnToolsVersion = 15.0;
					};
				};
			};
			buildConfigurationList = FF000000000000000000003F /* Build configuration list for PBXProject "CAAlertView" */;
			compatibilityVersion = "Xcode 14.0";
			developmentRegion = en;
			hasScannedForEncodings = 0;
			knownRegions = (
				en,
				Base,
			);
			mainGroup = AA000000000000000000002A;
			productRefGroup = AA000000000000000000003A /* Products */;
			projectDirPath = "";
			projectRoot = "";
			targets = (
				EE000000000000000000001E /* CAAlertViewDemo */,
			);
		};
/* End PBXProject section */

/* Begin PBXResourcesBuildPhase section */
		DD000000000000000000003D /* Resources */ = {
			isa = PBXResourcesBuildPhase;
			buildActionMask = 2147483647;
			files = (
			);
			runOnlyForDeploymentPostprocessing = 0;
		};
/* End PBXResourcesBuildPhase section */

/* Begin PBXSourcesBuildPhase section */
		DD000000000000000000001D /* Sources */ = {
			isa = PBXSourcesBuildPhase;
			buildActionMask = 2147483647;
			files = (
				CC000000000000000000001C /* AlertItem.swift in Sources */,
				CC000000000000000000002C /* AlertListView.swift in Sources */,
				CC000000000000000000003C /* AlertDatePickerView.swift in Sources */,
				CC000000000000000000004C /* CAAlertView.swift in Sources */,
				CC000000000000000000005C /* CAAlertViewTypes.swift in Sources */,
				CC000000000000000000007C /* CAAlertViewDemoApp.swift in Sources */,
				CC000000000000000000006C /* ContentView.swift in Sources */,
			);
			runOnlyForDeploymentPostprocessing = 0;
		};
/* End PBXSourcesBuildPhase section */

/* Begin XCBuildConfiguration section */
		FF000000000000000000001F /* Debug */ = {
			isa = XCBuildConfiguration;
			buildSettings = {
				ALWAYS_SEARCH_USER_PATHS = NO;
				CLANG_ANALYZER_NONNULL = YES;
				CLANG_ANALYZER_NUMBER_OBJECT_CONVERSION = YES_AGGRESSIVE;
				CLANG_CXX_LANGUAGE_STANDARD = "gnu++20";
				CLANG_ENABLE_MODULES = YES;
				CLANG_ENABLE_OBJC_ARC = YES;
				CLANG_ENABLE_OBJC_WEAK = YES;
				CLANG_WARN_BLOCK_CAPTURE_AUTORELEASING = YES;
				CLANG_WARN_BOOL_CONVERSION = YES;
				CLANG_WARN_COMMA = YES;
				CLANG_WARN_CONSTANT_CONVERSION = YES;
				CLANG_WARN_DEPRECATED_OBJC_IMPLEMENTATIONS = YES;
				CLANG_WARN_DIRECT_OBJC_ISA_USAGE = YES_ERROR;
				CLANG_WARN_DOCUMENTATION_COMMENTS = YES;
				CLANG_WARN_EMPTY_BODY = YES;
				CLANG_WARN_ENUM_CONVERSION = YES;
				CLANG_WARN_INFINITE_RECURSION = YES;
				CLANG_WARN_INT_CONVERSION = YES;
				CLANG_WARN_NON_LITERAL_NULL_CONVERSION = YES;
				CLANG_WARN_OBJC_IMPLICIT_RETAIN_SELF = YES;
				CLANG_WARN_OBJC_LITERAL_CONVERSION = YES;
				CLANG_WARN_OBJC_ROOT_CLASS = YES_ERROR;
				CLANG_WARN_RANGE_LOOP_ANALYSIS = YES;
				CLANG_WARN_STRICT_PROTOTYPES = YES;
				CLANG_WARN_SUSPICIOUS_MOVE = YES;
				CLANG_WARN_UNGUARDED_AVAILABILITY = YES_AGGRESSIVE;
				CLANG_WARN_UNREACHABLE_CODE = YES;
				CLANG_WARN__DUPLICATE_METHOD_MATCH = YES;
				COPY_PHASE_STRIP = NO;
				DEBUG_INFORMATION_FORMAT = dwarf;
				ENABLE_STRICT_OBJC_MSGSEND = YES;
				ENABLE_TESTABILITY = YES;
				GCC_C_LANGUAGE_STANDARD = gnu17;
				GCC_DYNAMIC_NO_PIC = NO;
				GCC_NO_COMMON_BLOCKS = YES;
				GCC_OPTIMIZATION_LEVEL = 0;
				GCC_PREPROCESSOR_DEFINITIONS = (
					"DEBUG=1",
					"$(inherited)",
				);
				GCC_WARN_64_TO_32_BIT_CONVERSION = YES;
				GCC_WARN_ABOUT_RETURN_TYPE = YES_ERROR;
				GCC_WARN_UNDECLARED_SELECTOR = YES;
				GCC_WARN_UNINITIALIZED_AUTOS = YES_AGGRESSIVE;
				GCC_WARN_UNUSED_FUNCTION = YES;
				GCC_WARN_UNUSED_VARIABLE = YES;
				IPHONEOS_DEPLOYMENT_TARGET = 16.0;
				MTL_ENABLE_DEBUG_INFO = INCLUDE_SOURCE;
				MTL_FAST_MATH = YES;
				ONLY_ACTIVE_ARCH = YES;
				SDKROOT = iphoneos;
				SWIFT_ACTIVE_COMPILATION_CONDITIONS = DEBUG;
				SWIFT_OPTIMIZATION_LEVEL = "-Onone";
			};
			name = Debug;
		};
		FF000000000000000000002F /* Release */ = {
			isa = XCBuildConfiguration;
			buildSettings = {
				ALWAYS_SEARCH_USER_PATHS = NO;
				CLANG_ANALYZER_NONNULL = YES;
				CLANG_ANALYZER_NUMBER_OBJECT_CONVERSION = YES_AGGRESSIVE;
				CLANG_CXX_LANGUAGE_STANDARD = "gnu++20";
				CLANG_ENABLE_MODULES = YES;
				CLANG_ENABLE_OBJC_ARC = YES;
				CLANG_ENABLE_OBJC_WEAK = YES;
				CLANG_WARN_BLOCK_CAPTURE_AUTORELEASING = YES;
				CLANG_WARN_BOOL_CONVERSION = YES;
				CLANG_WARN_COMMA = YES;
				CLANG_WARN_CONSTANT_CONVERSION = YES;
				CLANG_WARN_DEPRECATED_OBJC_IMPLEMENTATIONS = YES;
				CLANG_WARN_DIRECT_OBJC_ISA_USAGE = YES_ERROR;
				CLANG_WARN_DOCUMENTATION_COMMENTS = YES;
				CLANG_WARN_EMPTY_BODY = YES;
				CLANG_WARN_ENUM_CONVERSION = YES;
				CLANG_WARN_INFINITE_RECURSION = YES;
				CLANG_WARN_INT_CONVERSION = YES;
				CLANG_WARN_NON_LITERAL_NULL_CONVERSION = YES;
				CLANG_WARN_OBJC_IMPLICIT_RETAIN_SELF = YES;
				CLANG_WARN_OBJC_LITERAL_CONVERSION = YES;
				CLANG_WARN_OBJC_ROOT_CLASS = YES_ERROR;
				CLANG_WARN_RANGE_LOOP_ANALYSIS = YES;
				CLANG_WARN_STRICT_PROTOTYPES = YES;
				CLANG_WARN_SUSPICIOUS_MOVE = YES;
				CLANG_WARN_UNGUARDED_AVAILABILITY = YES_AGGRESSIVE;
				CLANG_WARN_UNREACHABLE_CODE = YES;
				CLANG_WARN__DUPLICATE_METHOD_MATCH = YES;
				COPY_PHASE_STRIP = NO;
				DEBUG_INFORMATION_FORMAT = "dwarf-with-dsym";
				ENABLE_NS_ASSERTIONS = NO;
				ENABLE_STRICT_OBJC_MSGSEND = YES;
				GCC_C_LANGUAGE_STANDARD = gnu17;
				GCC_NO_COMMON_BLOCKS = YES;
				GCC_WARN_64_TO_32_BIT_CONVERSION = YES;
				GCC_WARN_ABOUT_RETURN_TYPE = YES_ERROR;
				GCC_WARN_UNDECLARED_SELECTOR = YES;
				GCC_WARN_UNINITIALIZED_AUTOS = YES_AGGRESSIVE;
				GCC_WARN_UNUSED_FUNCTION = YES;
				GCC_WARN_UNUSED_VARIABLE = YES;
				IPHONEOS_DEPLOYMENT_TARGET = 16.0;
				MTL_FAST_MATH = YES;
				SDKROOT = iphoneos;
				SWIFT_COMPILATION_MODE = wholemodule;
				SWIFT_OPTIMIZATION_LEVEL = "-O";
				VALIDATE_PRODUCT = YES;
			};
			name = Release;
		};
		FF000000000000000000004F /* Debug */ = {
			isa = XCBuildConfiguration;
			buildSettings = {
				CODE_SIGN_STYLE = Automatic;
				CURRENT_PROJECT_VERSION = 1;
				ENABLE_PREVIEWS = YES;
				GENERATE_INFOPLIST_FILE = YES;
				INFOPLIST_KEY_UIApplicationSceneManifest_Generation = YES;
				INFOPLIST_KEY_UIApplicationSupportsIndirectInputEvents = YES;
				INFOPLIST_KEY_UILaunchScreen_Generation = YES;
				INFOPLIST_KEY_UISupportedInterfaceOrientations_iPad = "UIInterfaceOrientationPortrait UIInterfaceOrientationPortraitUpsideDown UIInterfaceOrientationLandscapeLeft UIInterfaceOrientationLandscapeRight";
				INFOPLIST_KEY_UISupportedInterfaceOrientations_iPhone = "UIInterfaceOrientationPortrait UIInterfaceOrientationLandscapeLeft UIInterfaceOrientationLandscapeRight";
				IPHONEOS_DEPLOYMENT_TARGET = 16.0;
				LD_RUNPATH_SEARCH_PATHS = (
					"$(inherited)",
					"@executable_path/Frameworks",
				);
				MARKETING_VERSION = 1.0;
				PRODUCT_BUNDLE_IDENTIFIER = com.example.CAAlertViewDemo;
				PRODUCT_NAME = "$(TARGET_NAME)";
				SWIFT_EMIT_LOC_STRINGS = YES;
				SWIFT_VERSION = 5.9;
				TARGETED_DEVICE_FAMILY = "1,2";
			};
			name = Debug;
		};
		FF000000000000000000005F /* Release */ = {
			isa = XCBuildConfiguration;
			buildSettings = {
				CODE_SIGN_STYLE = Automatic;
				CURRENT_PROJECT_VERSION = 1;
				ENABLE_PREVIEWS = YES;
				GENERATE_INFOPLIST_FILE = YES;
				INFOPLIST_KEY_UIApplicationSceneManifest_Generation = YES;
				INFOPLIST_KEY_UIApplicationSupportsIndirectInputEvents = YES;
				INFOPLIST_KEY_UILaunchScreen_Generation = YES;
				INFOPLIST_KEY_UISupportedInterfaceOrientations_iPad = "UIInterfaceOrientationPortrait UIInterfaceOrientationPortraitUpsideDown UIInterfaceOrientationLandscapeLeft UIInterfaceOrientationLandscapeRight";
				INFOPLIST_KEY_UISupportedInterfaceOrientations_iPhone = "UIInterfaceOrientationPortrait UIInterfaceOrientationLandscapeLeft UIInterfaceOrientationLandscapeRight";
				IPHONEOS_DEPLOYMENT_TARGET = 16.0;
				LD_RUNPATH_SEARCH_PATHS = (
					"$(inherited)",
					"@executable_path/Frameworks",
				);
				MARKETING_VERSION = 1.0;
				PRODUCT_BUNDLE_IDENTIFIER = com.example.CAAlertViewDemo;
				PRODUCT_NAME = "$(TARGET_NAME)";
				SWIFT_EMIT_LOC_STRINGS = YES;
				SWIFT_VERSION = 5.9;
				TARGETED_DEVICE_FAMILY = "1,2";
			};
			name = Release;
		};
/* End XCBuildConfiguration section */

/* Begin XCConfigurationList section */
		FF000000000000000000003F /* Build configuration list for PBXProject "CAAlertView" */ = {
			isa = XCConfigurationList;
			buildConfigurations = (
				FF000000000000000000001F /* Debug */,
				FF000000000000000000002F /* Release */,
			);
			defaultConfigurationIsVisible = 0;
			defaultConfigurationName = Release;
		};
		FF000000000000000000006F /* Build configuration list for PBXNativeTarget "CAAlertViewDemo" */ = {
			isa = XCConfigurationList;
			buildConfigurations = (
				FF000000000000000000004F /* Debug */,
				FF000000000000000000005F /* Release */,
			);
			defaultConfigurationIsVisible = 0;
			defaultConfigurationName = Release;
		};
/* End XCConfigurationList section */
	};
	rootObject = AA000000000000000000001A /* Project object */;
}
